// !$*UTF8*$!
{
	archiveVersion = 1;
	classes = {
	};
	objectVersion = 50;
	objects = {

/* Begin PBXBuildFile section */
		5285A6B224E1D51B00DAC08F /* AppDelegate.swift in Sources */ = {isa = PBXBuildFile; fileRef = 5285A6B124E1D51B00DAC08F /* AppDelegate.swift */; };
		5285A6B424E1D51B00DAC08F /* SceneDelegate.swift in Sources */ = {isa = PBXBuildFile; fileRef = 5285A6B324E1D51B00DAC08F /* SceneDelegate.swift */; };
		5285A6B624E1D51B00DAC08F /* ViewController.swift in Sources */ = {isa = PBXBuildFile; fileRef = 5285A6B524E1D51B00DAC08F /* ViewController.swift */; };
		5285A6B924E1D51B00DAC08F /* Main.storyboard in Resources */ = {isa = PBXBuildFile; fileRef = 5285A6B724E1D51B00DAC08F /* Main.storyboard */; };
		5285A6BB24E1D51D00DAC08F /* Assets.xcassets in Resources */ = {isa = PBXBuildFile; fileRef = 5285A6BA24E1D51D00DAC08F /* Assets.xcassets */; };
		5285A6BE24E1D51D00DAC08F /* LaunchScreen.storyboard in Resources */ = {isa = PBXBuildFile; fileRef = 5285A6BC24E1D51D00DAC08F /* LaunchScreen.storyboard */; };
		5285A6C624E1D73000DAC08F /* Task.swift in Sources */ = {isa = PBXBuildFile; fileRef = 5285A6C524E1D73000DAC08F /* Task.swift */; };
		5285A6C824E1E36100DAC08F /* TaskTableViewCell.swift in Sources */ = {isa = PBXBuildFile; fileRef = 5285A6C724E1E36100DAC08F /* TaskTableViewCell.swift */; };
/* End PBXBuildFile section */

/* Begin PBXFileReference section */
		5285A6AE24E1D51A00DAC08F /* Composite.app */ = {isa = PBXFileReference; explicitFileType = wrapper.application; includeInIndex = 0; path = Composite.app; sourceTree = BUILT_PRODUCTS_DIR; };
		5285A6B124E1D51B00DAC08F /* AppDelegate.swift */ = {isa = PBXFileReference; lastKnownFileType = sourcecode.swift; path = AppDelegate.swift; sourceTree = "<group>"; };
		5285A6B324E1D51B00DAC08F /* SceneDelegate.swift */ = {isa = PBXFileReference; lastKnownFileType = sourcecode.swift; path = SceneDelegate.swift; sourceTree = "<group>"; };
		5285A6B524E1D51B00DAC08F /* ViewController.swift */ = {isa = PBXFileReference; lastKnownFileType = sourcecode.swift; path = ViewController.swift; sourceTree = "<group>"; };
		5285A6B824E1D51B00DAC08F /* Base */ = {isa = PBXFileReference; lastKnownFileType = file.storyboard; name = Base; path = Base.lproj/Main.storyboard; sourceTree = "<group>"; };
		5285A6BA24E1D51D00DAC08F /* Assets.xcassets */ = {isa = PBXFileReference; lastKnownFileType = folder.assetcatalog; path = Assets.xcassets; sourceTree = "<group>"; };
		5285A6BD24E1D51D00DAC08F /* Base */ = {isa = PBXFileReference; lastKnownFileType = file.storyboard; name = Base; path = Base.lproj/LaunchScreen.storyboard; sourceTree = "<group>"; };
		5285A6BF24E1D51D00DAC08F /* Info.plist */ = {isa = PBXFileReference; lastKnownFileType = text.plist.xml; path = Info.plist; sourceTree = "<group>"; };
		5285A6C524E1D73000DAC08F /* Task.swift */ = {isa = PBXFileReference; lastKnownFileType = sourcecode.swift; path = Task.swift; sourceTree = "<group>"; };
		5285A6C724E1E36100DAC08F /* TaskTableViewCell.swift */ = {isa = PBXFileReference; lastKnownFileType = sourcecode.swift; path = TaskTableViewCell.swift; sourceTree = "<group>"; };
/* End PBXFileReference section */

/* Begin PBXFrameworksBuildPhase section */
		5285A6AB24E1D51A00DAC08F /* Frameworks */ = {
			isa = PBXFrameworksBuildPhase;
			buildActionMask = 2147483647;
			files = (
			);
			runOnlyForDeploymentPostprocessing = 0;
		};
/* End PBXFrameworksBuildPhase section */

/* Begin PBXGroup section */
		5285A6A524E1D51A00DAC08F = {
			isa = PBXGroup;
			children = (
				5285A6B024E1D51B00DAC08F /* Composite */,
				5285A6AF24E1D51A00DAC08F /* Products */,
			);
			sourceTree = "<group>";
		};
		5285A6AF24E1D51A00DAC08F /* Products */ = {
			isa = PBXGroup;
			children = (
				5285A6AE24E1D51A00DAC08F /* Composite.app */,
			);
			name = Products;
			sourceTree = "<group>";
		};
		5285A6B024E1D51B00DAC08F /* Composite */ = {
			isa = PBXGroup;
			children = (
				5285A6B124E1D51B00DAC08F /* AppDelegate.swift */,
				5285A6B324E1D51B00DAC08F /* SceneDelegate.swift */,
				5285A6B524E1D51B00DAC08F /* ViewController.swift */,
				5285A6C724E1E36100DAC08F /* TaskTableViewCell.swift */,
				5285A6B724E1D51B00DAC08F /* Main.storyboard */,
				5285A6BA24E1D51D00DAC08F /* Assets.xcassets */,
				5285A6C524E1D73000DAC08F /* Task.swift */,
				5285A6BC24E1D51D00DAC08F /* LaunchScreen.storyboard */,
				5285A6BF24E1D51D00DAC08F /* Info.plist */,
			);
			path = Composite;
			sourceTree = "<group>";
		};
/* End PBXGroup section */

/* Begin PBXNativeTarget section */
		5285A6AD24E1D51A00DAC08F /* Composite */ = {
			isa = PBXNativeTarget;
			buildConfigurationList = 5285A6C224E1D51D00DAC08F /* Build configuration list for PBXNativeTarget "Composite" */;
			buildPhases = (
				5285A6AA24E1D51A00DAC08F /* Sources */,
				5285A6AB24E1D51A00DAC08F /* Frameworks */,
				5285A6AC24E1D51A00DAC08F /* Resources */,
			);
			buildRules = (
			);
			dependencies = (
			);
			name = Composite;
			productName = Composite;
			productReference = 5285A6AE24E1D51A00DAC08F /* Composite.app */;
			productType = "com.apple.product-type.application";
		};
/* End PBXNativeTarget section */

/* Begin PBXProject section */
		5285A6A624E1D51A00DAC08F /* Project object */ = {
			isa = PBXProject;
			attributes = {
				LastSwiftUpdateCheck = 1150;
				LastUpgradeCheck = 1150;
				ORGANIZATIONNAME = "Vladislav Likhachev";
				TargetAttributes = {
					5285A6AD24E1D51A00DAC08F = {
						CreatedOnToolsVersion = 11.5;
					};
				};
			};
			buildConfigurationList = 5285A6A924E1D51A00DAC08F /* Build configuration list for PBXProject "Composite" */;
			compatibilityVersion = "Xcode 9.3";
			developmentRegion = en;
			hasScannedForEncodings = 0;
			knownRegions = (
				en,
				Base,
			);
			mainGroup = 5285A6A524E1D51A00DAC08F;
			productRefGroup = 5285A6AF24E1D51A00DAC08F /* Products */;
			projectDirPath = "";
			projectRoot = "";
			targets = (
				5285A6AD24E1D51A00DAC08F /* Composite */,
			);
		};
/* End PBXProject section */

/* Begin PBXResourcesBuildPhase section */
		5285A6AC24E1D51A00DAC08F /* Resources */ = {
			isa = PBXResourcesBuildPhase;
			buildActionMask = 2147483647;
			files = (
				5285A6BE24E1D51D00DAC08F /* LaunchScreen.storyboard in Resources */,
				5285A6BB24E1D51D00DAC08F /* Assets.xcassets in Resources */,
				5285A6B924E1D51B00DAC08F /* Main.storyboard in Resources */,
			);
			runOnlyForDeploymentPostprocessing = 0;
		};
/* End PBXResourcesBuildPhase section */

/* Begin PBXSourcesBuildPhase section */
		5285A6AA24E1D51A00DAC08F /* Sources */ = {
			isa = PBXSourcesBuildPhase;
			buildActionMask = 2147483647;
			files = (
				5285A6C624E1D73000DAC08F /* Task.swift in Sources */,
				5285A6B624E1D51B00DAC08F /* ViewController.swift in Sources */,
				5285A6C824E1E36100DAC08F /* TaskTableViewCell.swift in Sources */,
				5285A6B224E1D51B00DAC08F /* AppDelegate.swift in Sources */,
				5285A6B424E1D51B00DAC08F /* SceneDelegate.swift in Sources */,
			);
			runOnlyForDeploymentPostprocessing = 0;
		};
/* End PBXSourcesBuildPhase section */

/* Begin PBXVariantGroup section */
		5285A6B724E1D51B00DAC08F /* Main.storyboard */ = {
			isa = PBXVariantGroup;
			children = (
				5285A6B824E1D51B00DAC08F /* Base */,
			);
			name = Main.storyboard;
			sourceTree = "<group>";
		};
		5285A6BC24E1D51D00DAC08F /* LaunchScreen.storyboard */ = {
			isa = PBXVariantGroup;
			children = (
				5285A6BD24E1D51D00DAC08F /* Base */,
			);
			name = LaunchScreen.storyboard;
			sourceTree = "<group>";
		};
/* End PBXVariantGroup section */

/* Begin XCBuildConfiguration section */
		5285A6C024E1D51D00DAC08F /* Debug */ = {
			isa = XCBuildConfiguration;
			buildSettings = {
				ALWAYS_SEARCH_USER_PATHS = NO;
				CLANG_ANALYZER_NONNULL = YES;
				CLANG_ANALYZER_NUMBER_OBJECT_CONVERSION = YES_AGGRESSIVE;
				CLANG_CXX_LANGUAGE_STANDARD = "gnu++14";
				CLANG_CXX_LIBRARY = "libc++";
				CLANG_ENABLE_MODULES = YES;
				CLANG_ENABLE_OBJC_ARC = YES;
				CLANG_ENABLE_OBJC_WEAK = YES;
				CLANG_WARN_BLOCK_CAPTURE_AUTORELEASING = YES;
				CLANG_WARN_BOOL_CONVERSION = YES;
				CLANG_WARN_COMMA = YES;
				CLANG_WARN_CONSTANT_CONVERSION = YES;
				CLANG_WARN_DEPRECATED_OBJC_IMPLEMENTATIONS = YES;
				CLANG_WARN_DIRECT_OBJC_ISA_USAGE = YES_ERROR;
				CLANG_WARN_DOCUMENTATION_COMMENTS = YES;
				CLANG_WARN_EMPTY_BODY = YES;
				CLANG_WARN_ENUM_CONVERSION = YES;
				CLANG_WARN_INFINITE_RECURSION = YES;
				CLANG_WARN_INT_CONVERSION = YES;
				CLANG_WARN_NON_LITERAL_NULL_CONVERSION = YES;
				CLANG_WARN_OBJC_IMPLICIT_RETAIN_SELF = YES;
				CLANG_WARN_OBJC_LITERAL_CONVERSION = YES;
				CLANG_WARN_OBJC_ROOT_CLASS = YES_ERROR;
				CLANG_WARN_RANGE_LOOP_ANALYSIS = YES;
				CLANG_WARN_STRICT_PROTOTYPES = YES;
				CLANG_WARN_SUSPICIOUS_MOVE = YES;
				CLANG_WARN_UNGUARDED_AVAILABILITY = YES_AGGRESSIVE;
				CLANG_WARN_UNREACHABLE_CODE = YES;
				CLANG_WARN__DUPLICATE_METHOD_MATCH = YES;
				COPY_PHASE_STRIP = NO;
				DEBUG_INFORMATION_FORMAT = dwarf;
				ENABLE_STRICT_OBJC_MSGSEND = YES;
				ENABLE_TESTABILITY = YES;
				GCC_C_LANGUAGE_STANDARD = gnu11;
				GCC_DYNAMIC_NO_PIC = NO;
				GCC_NO_COMMON_BLOCKS = YES;
				GCC_OPTIMIZATION_LEVEL = 0;
				GCC_PREPROCESSOR_DEFINITIONS = (
					"DEBUG=1",
					"$(inherited)",
				);
				GCC_WARN_64_TO_32_BIT_CONVERSION = YES;
				GCC_WARN_ABOUT_RETURN_TYPE = YES_ERROR;
				GCC_WARN_UNDECLARED_SELECTOR = YES;
				GCC_WARN_UNINITIALIZED_AUTOS = YES_AGGRESSIVE;
				GCC_WARN_UNUSED_FUNCTION = YES;
				GCC_WARN_UNUSED_VARIABLE = YES;
				IPHONEOS_DEPLOYMENT_TARGET = 13.5;
				MTL_ENABLE_DEBUG_INFO = INCLUDE_SOURCE;
				MTL_FAST_MATH = YES;
				ONLY_ACTIVE_ARCH = YES;
				SDKROOT = iphoneos;
				SWIFT_ACTIVE_COMPILATION_CONDITIONS = DEBUG;
				SWIFT_OPTIMIZATION_LEVEL = "-Onone";
			};
			name = Debug;
		};
		5285A6C124E1D51D00DAC08F /* Release */ = {
			isa = XCBuildConfiguration;
			buildSettings = {
				ALWAYS_SEARCH_USER_PATHS = NO;
				CLANG_ANALYZER_NONNULL = YES;
				CLANG_ANALYZER_NUMBER_OBJECT_CONVERSION = YES_AGGRESSIVE;
				CLANG_CXX_LANGUAGE_STANDARD = "gnu++14";
				CLANG_CXX_LIBRARY = "libc++";
				CLANG_ENABLE_MODULES = YES;
				CLANG_ENABLE_OBJC_ARC = YES;
				CLANG_ENABLE_OBJC_WEAK = YES;
				CLANG_WARN_BLOCK_CAPTURE_AUTORELEASING = YES;
				CLANG_WARN_BOOL_CONVERSION = YES;
				CLANG_WARN_COMMA = YES;
				CLANG_WARN_CONSTANT_CONVERSION = YES;
				CLANG_WARN_DEPRECATED_OBJC_IMPLEMENTATIONS = YES;
				CLANG_WARN_DIRECT_OBJC_ISA_USAGE = YES_ERROR;
				CLANG_WARN_DOCUMENTATION_COMMENTS = YES;
				CLANG_WARN_EMPTY_BODY = YES;
				CLANG_WARN_ENUM_CONVERSION = YES;
				CLANG_WARN_INFINITE_RECURSION = YES;
				CLANG_WARN_INT_CONVERSION = YES;
				CLANG_WARN_NON_LITERAL_NULL_CONVERSION = YES;
				CLANG_WARN_OBJC_IMPLICIT_RETAIN_SELF = YES;
				CLANG_WARN_OBJC_LITERAL_CONVERSION = YES;
				CLANG_WARN_OBJC_ROOT_CLASS = YES_ERROR;
				CLANG_WARN_RANGE_LOOP_ANALYSIS = YES;
				CLANG_WARN_STRICT_PROTOTYPES = YES;
				CLANG_WARN_SUSPICIOUS_MOVE = YES;
				CLANG_WARN_UNGUARDED_AVAILABILITY = YES_AGGRESSIVE;
				CLANG_WARN_UNREACHABLE_CODE = YES;
				CLANG_WARN__DUPLICATE_METHOD_MATCH = YES;
				COPY_PHASE_STRIP = NO;
				DEBUG_INFORMATION_FORMAT = "dwarf-with-dsym";
				ENABLE_NS_ASSERTIONS = NO;
				ENABLE_STRICT_OBJC_MSGSEND = YES;
				GCC_C_LANGUAGE_STANDARD = gnu11;
				GCC_NO_COMMON_BLOCKS = YES;
				GCC_WARN_64_TO_32_BIT_CONVERSION = YES;
				GCC_WARN_ABOUT_RETURN_TYPE = YES_ERROR;
				GCC_WARN_UNDECLARED_SELECTOR = YES;
				GCC_WARN_UNINITIALIZED_AUTOS = YES_AGGRESSIVE;
				GCC_WARN_UNUSED_FUNCTION = YES;
				GCC_WARN_UNUSED_VARIABLE = YES;
				IPHONEOS_DEPLOYMENT_TARGET = 13.5;
				MTL_ENABLE_DEBUG_INFO = NO;
				MTL_FAST_MATH = YES;
				SDKROOT = iphoneos;
				SWIFT_COMPILATION_MODE = wholemodule;
				SWIFT_OPTIMIZATION_LEVEL = "-O";
				VALIDATE_PRODUCT = YES;
			};
			name = Release;
		};
		5285A6C324E1D51D00DAC08F /* Debug */ = {
			isa = XCBuildConfiguration;
			buildSettings = {
				ASSETCATALOG_COMPILER_APPICON_NAME = AppIcon;
				CODE_SIGN_STYLE = Automatic;
				DEVELOPMENT_TEAM = A9AML55U6D;
				INFOPLIST_FILE = Composite/Info.plist;
				LD_RUNPATH_SEARCH_PATHS = (
					"$(inherited)",
					"@executable_path/Frameworks",
				);
				PRODUCT_BUNDLE_IDENTIFIER = org.vladilslavlikhachev.Composite;
				PRODUCT_NAME = "$(TARGET_NAME)";
				SWIFT_VERSION = 5.0;
				TARGETED_DEVICE_FAMILY = "1,2";
			};
			name = Debug;
		};
		5285A6C424E1D51D00DAC08F /* Release */ = {
			isa = XCBuildConfiguration;
			buildSettings = {
				ASSETCATALOG_COMPILER_APPICON_NAME = AppIcon;
				CODE_SIGN_STYLE = Automatic;
				DEVELOPMENT_TEAM = A9AML55U6D;
				INFOPLIST_FILE = Composite/Info.plist;
				LD_RUNPATH_SEARCH_PATHS = (
					"$(inherited)",
					"@executable_path/Frameworks",
				);
				PRODUCT_BUNDLE_IDENTIFIER = org.vladilslavlikhachev.Composite;
				PRODUCT_NAME = "$(TARGET_NAME)";
				SWIFT_VERSION = 5.0;
				TARGETED_DEVICE_FAMILY = "1,2";
			};
			name = Release;
		};
/* End XCBuildConfiguration section */

/* Begin XCConfigurationList section */
		5285A6A924E1D51A00DAC08F /* Build configuration list for PBXProject "Composite" */ = {
			isa = XCConfigurationList;
			buildConfigurations = (
				5285A6C024E1D51D00DAC08F /* Debug */,
				5285A6C124E1D51D00DAC08F /* Release */,
			);
			defaultConfigurationIsVisible = 0;
			defaultConfigurationName = Release;
		};
		5285A6C224E1D51D00DAC08F /* Build configuration list for PBXNativeTarget "Composite" */ = {
			isa = XCConfigurationList;
			buildConfigurations = (
				5285A6C324E1D51D00DAC08F /* Debug */,
				5285A6C424E1D51D00DAC08F /* Release */,
			);
			defaultConfigurationIsVisible = 0;
			defaultConfigurationName = Release;
		};
/* End XCConfigurationList section */
	};
	rootObject = 5285A6A624E1D51A00DAC08F /* Project object */;
}
